// !$*UTF8*$!
{
	archiveVersion = 1;
	classes = {
	};
	objectVersion = 46;
	objects = {

/* Begin PBXBuildFile section */
		9E80E9791E63898E006E36BF /* AppDelegate.swift in Sources */ = {isa = PBXBuildFile; fileRef = 9E80E9781E63898E006E36BF /* AppDelegate.swift */; };
		9E80E97B1E63898E006E36BF /* ViewController.swift in Sources */ = {isa = PBXBuildFile; fileRef = 9E80E97A1E63898E006E36BF /* ViewController.swift */; };
		9E80E97E1E63898E006E36BF /* Main.storyboard in Resources */ = {isa = PBXBuildFile; fileRef = 9E80E97C1E63898E006E36BF /* Main.storyboard */; };
		9E80E9811E63898E006E36BF /* SuperDiary.xcdatamodeld in Sources */ = {isa = PBXBuildFile; fileRef = 9E80E97F1E63898E006E36BF /* SuperDiary.xcdatamodeld */; };
		9E80E9831E63898E006E36BF /* Assets.xcassets in Resources */ = {isa = PBXBuildFile; fileRef = 9E80E9821E63898E006E36BF /* Assets.xcassets */; };
		9E80E9861E63898E006E36BF /* LaunchScreen.storyboard in Resources */ = {isa = PBXBuildFile; fileRef = 9E80E9841E63898E006E36BF /* LaunchScreen.storyboard */; };
		9ED6CD6F1E644EC1000405AE /* CoreDataStack.swift in Sources */ = {isa = PBXBuildFile; fileRef = 9ED6CD6E1E644EC1000405AE /* CoreDataStack.swift */; };
		9ED6CD751E6454D9000405AE /* Location.swift in Sources */ = {isa = PBXBuildFile; fileRef = 9ED6CD741E6454D9000405AE /* Location.swift */; };
		9ED6CD771E6454F1000405AE /* Entry.swift in Sources */ = {isa = PBXBuildFile; fileRef = 9ED6CD761E6454F1000405AE /* Entry.swift */; };
/* End PBXBuildFile section */

/* Begin PBXFileReference section */
		9E80E9751E63898E006E36BF /* SuperDiary.app */ = {isa = PBXFileReference; explicitFileType = wrapper.application; includeInIndex = 0; path = SuperDiary.app; sourceTree = BUILT_PRODUCTS_DIR; };
		9E80E9781E63898E006E36BF /* AppDelegate.swift */ = {isa = PBXFileReference; lastKnownFileType = sourcecode.swift; path = AppDelegate.swift; sourceTree = "<group>"; };
		9E80E97A1E63898E006E36BF /* ViewController.swift */ = {isa = PBXFileReference; lastKnownFileType = sourcecode.swift; path = ViewController.swift; sourceTree = "<group>"; };
		9E80E97D1E63898E006E36BF /* Base */ = {isa = PBXFileReference; lastKnownFileType = file.storyboard; name = Base; path = Base.lproj/Main.storyboard; sourceTree = "<group>"; };
		9E80E9801E63898E006E36BF /* SuperDiary.xcdatamodel */ = {isa = PBXFileReference; lastKnownFileType = wrapper.xcdatamodel; path = SuperDiary.xcdatamodel; sourceTree = "<group>"; };
		9E80E9821E63898E006E36BF /* Assets.xcassets */ = {isa = PBXFileReference; lastKnownFileType = folder.assetcatalog; path = Assets.xcassets; sourceTree = "<group>"; };
		9E80E9851E63898E006E36BF /* Base */ = {isa = PBXFileReference; lastKnownFileType = file.storyboard; name = Base; path = Base.lproj/LaunchScreen.storyboard; sourceTree = "<group>"; };
		9E80E9871E63898E006E36BF /* Info.plist */ = {isa = PBXFileReference; lastKnownFileType = text.plist.xml; path = Info.plist; sourceTree = "<group>"; };
		9ED6CD6E1E644EC1000405AE /* CoreDataStack.swift */ = {isa = PBXFileReference; fileEncoding = 4; lastKnownFileType = sourcecode.swift; path = CoreDataStack.swift; sourceTree = "<group>"; };
		9ED6CD741E6454D9000405AE /* Location.swift */ = {isa = PBXFileReference; fileEncoding = 4; lastKnownFileType = sourcecode.swift; path = Location.swift; sourceTree = "<group>"; };
		9ED6CD761E6454F1000405AE /* Entry.swift */ = {isa = PBXFileReference; fileEncoding = 4; lastKnownFileType = sourcecode.swift; path = Entry.swift; sourceTree = "<group>"; };
/* End PBXFileReference section */

/* Begin PBXFrameworksBuildPhase section */
		9E80E9721E63898E006E36BF /* Frameworks */ = {
			isa = PBXFrameworksBuildPhase;
			buildActionMask = 2147483647;
			files = (
			);
			runOnlyForDeploymentPostprocessing = 0;
		};
/* End PBXFrameworksBuildPhase section */

/* Begin PBXGroup section */
		9E80E96C1E63898E006E36BF = {
			isa = PBXGroup;
			children = (
				9E80E9771E63898E006E36BF /* SuperDiary */,
				9E80E9761E63898E006E36BF /* Products */,
			);
			sourceTree = "<group>";
		};
		9E80E9761E63898E006E36BF /* Products */ = {
			isa = PBXGroup;
			children = (
				9E80E9751E63898E006E36BF /* SuperDiary.app */,
			);
			name = Products;
			sourceTree = "<group>";
		};
		9E80E9771E63898E006E36BF /* SuperDiary */ = {
			isa = PBXGroup;
			children = (
				9E80E9781E63898E006E36BF /* AppDelegate.swift */,
				9E80E97A1E63898E006E36BF /* ViewController.swift */,
				9ED6CD711E6454B1000405AE /* Model */,
				9ED6CD701E6454A6000405AE /* Controllers */,
				9E80E97C1E63898E006E36BF /* Main.storyboard */,
				9E80E9821E63898E006E36BF /* Assets.xcassets */,
				9E80E9841E63898E006E36BF /* LaunchScreen.storyboard */,
				9E80E9871E63898E006E36BF /* Info.plist */,
			);
			path = SuperDiary;
			sourceTree = "<group>";
		};
		9ED6CD701E6454A6000405AE /* Controllers */ = {
			isa = PBXGroup;
			children = (
				9ED6CD6E1E644EC1000405AE /* CoreDataStack.swift */,
			);
			name = Controllers;
			sourceTree = "<group>";
		};
		9ED6CD711E6454B1000405AE /* Model */ = {
			isa = PBXGroup;
			children = (
				9E80E97F1E63898E006E36BF /* SuperDiary.xcdatamodeld */,
				9ED6CD761E6454F1000405AE /* Entry.swift */,
				9ED6CD741E6454D9000405AE /* Location.swift */,
			);
			name = Model;
			sourceTree = "<group>";
		};
/* End PBXGroup section */

/* Begin PBXNativeTarget section */
		9E80E9741E63898E006E36BF /* SuperDiary */ = {
			isa = PBXNativeTarget;
			buildConfigurationList = 9E80E98A1E63898E006E36BF /* Build configuration list for PBXNativeTarget "SuperDiary" */;
			buildPhases = (
				9E80E9711E63898E006E36BF /* Sources */,
				9E80E9721E63898E006E36BF /* Frameworks */,
				9E80E9731E63898E006E36BF /* Resources */,
			);
			buildRules = (
			);
			dependencies = (
			);
			name = SuperDiary;
			productName = SuperDiary;
			productReference = 9E80E9751E63898E006E36BF /* SuperDiary.app */;
			productType = "com.apple.product-type.application";
		};
/* End PBXNativeTarget section */

/* Begin PBXProject section */
		9E80E96D1E63898E006E36BF /* Project object */ = {
			isa = PBXProject;
			attributes = {
				LastSwiftUpdateCheck = 0820;
				LastUpgradeCheck = 0820;
				ORGANIZATIONNAME = JoLingenfelter;
				TargetAttributes = {
					9E80E9741E63898E006E36BF = {
						CreatedOnToolsVersion = 8.2.1;
						DevelopmentTeam = 2K6RX929EU;
						ProvisioningStyle = Automatic;
					};
				};
			};
			buildConfigurationList = 9E80E9701E63898E006E36BF /* Build configuration list for PBXProject "SuperDiary" */;
			compatibilityVersion = "Xcode 3.2";
			developmentRegion = English;
			hasScannedForEncodings = 0;
			knownRegions = (
				en,
				Base,
			);
			mainGroup = 9E80E96C1E63898E006E36BF;
			productRefGroup = 9E80E9761E63898E006E36BF /* Products */;
			projectDirPath = "";
			projectRoot = "";
			targets = (
				9E80E9741E63898E006E36BF /* SuperDiary */,
			);
		};
/* End PBXProject section */

/* Begin PBXResourcesBuildPhase section */
		9E80E9731E63898E006E36BF /* Resources */ = {
			isa = PBXResourcesBuildPhase;
			buildActionMask = 2147483647;
			files = (
				9E80E9861E63898E006E36BF /* LaunchScreen.storyboard in Resources */,
				9E80E9831E63898E006E36BF /* Assets.xcassets in Resources */,
				9E80E97E1E63898E006E36BF /* Main.storyboard in Resources */,
			);
			runOnlyForDeploymentPostprocessing = 0;
		};
/* End PBXResourcesBuildPhase section */

/* Begin PBXSourcesBuildPhase section */
		9E80E9711E63898E006E36BF /* Sources */ = {
			isa = PBXSourcesBuildPhase;
			buildActionMask = 2147483647;
			files = (
				9ED6CD771E6454F1000405AE /* Entry.swift in Sources */,
				9E80E9811E63898E006E36BF /* SuperDiary.xcdatamodeld in Sources */,
				9E80E97B1E63898E006E36BF /* ViewController.swift in Sources */,
				9ED6CD751E6454D9000405AE /* Location.swift in Sources */,
				9E80E9791E63898E006E36BF /* AppDelegate.swift in Sources */,
				9ED6CD6F1E644EC1000405AE /* CoreDataStack.swift in Sources */,
			);
			runOnlyForDeploymentPostprocessing = 0;
		};
/* End PBXSourcesBuildPhase section */

/* Begin PBXVariantGroup section */
		9E80E97C1E63898E006E36BF /* Main.storyboard */ = {
			isa = PBXVariantGroup;
			children = (
				9E80E97D1E63898E006E36BF /* Base */,
			);
			name = Main.storyboard;
			sourceTree = "<group>";
		};
		9E80E9841E63898E006E36BF /* LaunchScreen.storyboard */ = {
			isa = PBXVariantGroup;
			children = (
				9E80E9851E63898E006E36BF /* Base */,
			);
			name = LaunchScreen.storyboard;
			sourceTree = "<group>";
		};
/* End PBXVariantGroup section */

/* Begin XCBuildConfiguration section */
		9E80E9881E63898E006E36BF /* Debug */ = {
			isa = XCBuildConfiguration;
			buildSettings = {
				ALWAYS_SEARCH_USER_PATHS = NO;
				CLANG_ANALYZER_NONNULL = YES;
				CLANG_CXX_LANGUAGE_STANDARD = "gnu++0x";
				CLANG_CXX_LIBRARY = "libc++";
				CLANG_ENABLE_MODULES = YES;
				CLANG_ENABLE_OBJC_ARC = YES;
				CLANG_WARN_BOOL_CONVERSION = YES;
				CLANG_WARN_CONSTANT_CONVERSION = YES;
				CLANG_WARN_DIRECT_OBJC_ISA_USAGE = YES_ERROR;
				CLANG_WARN_DOCUMENTATION_COMMENTS = YES;
				CLANG_WARN_EMPTY_BODY = YES;
				CLANG_WARN_ENUM_CONVERSION = YES;
				CLANG_WARN_INFINITE_RECURSION = YES;
				CLANG_WARN_INT_CONVERSION = YES;
				CLANG_WARN_OBJC_ROOT_CLASS = YES_ERROR;
				CLANG_WARN_SUSPICIOUS_MOVE = YES;
				CLANG_WARN_UNREACHABLE_CODE = YES;
				CLANG_WARN__DUPLICATE_METHOD_MATCH = YES;
				"CODE_SIGN_IDENTITY[sdk=iphoneos*]" = "iPhone Developer";
				COPY_PHASE_STRIP = NO;
				DEBUG_INFORMATION_FORMAT = dwarf;
				ENABLE_STRICT_OBJC_MSGSEND = YES;
				ENABLE_TESTABILITY = YES;
				GCC_C_LANGUAGE_STANDARD = gnu99;
				GCC_DYNAMIC_NO_PIC = NO;
				GCC_NO_COMMON_BLOCKS = YES;
				GCC_OPTIMIZATION_LEVEL = 0;
				GCC_PREPROCESSOR_DEFINITIONS = (
					"DEBUG=1",
					"$(inherited)",
				);
				GCC_WARN_64_TO_32_BIT_CONVERSION = YES;
				GCC_WARN_ABOUT_RETURN_TYPE = YES_ERROR;
				GCC_WARN_UNDECLARED_SELECTOR = YES;
				GCC_WARN_UNINITIALIZED_AUTOS = YES_AGGRESSIVE;
				GCC_WARN_UNUSED_FUNCTION = YES;
				GCC_WARN_UNUSED_VARIABLE = YES;
				IPHONEOS_DEPLOYMENT_TARGET = 10.2;
				MTL_ENABLE_DEBUG_INFO = YES;
				ONLY_ACTIVE_ARCH = YES;
				SDKROOT = iphoneos;
				SWIFT_ACTIVE_COMPILATION_CONDITIONS = DEBUG;
				SWIFT_OPTIMIZATION_LEVEL = "-Onone";
			};
			name = Debug;
		};
		9E80E9891E63898E006E36BF /* Release */ = {
			isa = XCBuildConfiguration;
			buildSettings = {
				ALWAYS_SEARCH_USER_PATHS = NO;
				CLANG_ANALYZER_NONNULL = YES;
				CLANG_CXX_LANGUAGE_STANDARD = "gnu++0x";
				CLANG_CXX_LIBRARY = "libc++";
				CLANG_ENABLE_MODULES = YES;
				CLANG_ENABLE_OBJC_ARC = YES;
				CLANG_WARN_BOOL_CONVERSION = YES;
				CLANG_WARN_CONSTANT_CONVERSION = YES;
				CLANG_WARN_DIRECT_OBJC_ISA_USAGE = YES_ERROR;
				CLANG_WARN_DOCUMENTATION_COMMENTS = YES;
				CLANG_WARN_EMPTY_BODY = YES;
				CLANG_WARN_ENUM_CONVERSION = YES;
				CLANG_WARN_INFINITE_RECURSION = YES;
				CLANG_WARN_INT_CONVERSION = YES;
				CLANG_WARN_OBJC_ROOT_CLASS = YES_ERROR;
				CLANG_WARN_SUSPICIOUS_MOVE = YES;
				CLANG_WARN_UNREACHABLE_CODE = YES;
				CLANG_WARN__DUPLICATE_METHOD_MATCH = YES;
				"CODE_SIGN_IDENTITY[sdk=iphoneos*]" = "iPhone Developer";
				COPY_PHASE_STRIP = NO;
				DEBUG_INFORMATION_FORMAT = "dwarf-with-dsym";
				ENABLE_NS_ASSERTIONS = NO;
				ENABLE_STRICT_OBJC_MSGSEND = YES;
				GCC_C_LANGUAGE_STANDARD = gnu99;
				GCC_NO_COMMON_BLOCKS = YES;
				GCC_WARN_64_TO_32_BIT_CONVERSION = YES;
				GCC_WARN_ABOUT_RETURN_TYPE = YES_ERROR;
				GCC_WARN_UNDECLARED_SELECTOR = YES;
				GCC_WARN_UNINITIALIZED_AUTOS = YES_AGGRESSIVE;
				GCC_WARN_UNUSED_FUNCTION = YES;
				GCC_WARN_UNUSED_VARIABLE = YES;
				IPHONEOS_DEPLOYMENT_TARGET = 10.2;
				MTL_ENABLE_DEBUG_INFO = NO;
				SDKROOT = iphoneos;
				SWIFT_OPTIMIZATION_LEVEL = "-Owholemodule";
				VALIDATE_PRODUCT = YES;
			};
			name = Release;
		};
		9E80E98B1E63898E006E36BF /* Debug */ = {
			isa = XCBuildConfiguration;
			buildSettings = {
				ASSETCATALOG_COMPILER_APPICON_NAME = AppIcon;
				DEVELOPMENT_TEAM = 2K6RX929EU;
				INFOPLIST_FILE = SuperDiary/Info.plist;
				LD_RUNPATH_SEARCH_PATHS = "$(inherited) @executable_path/Frameworks";
				PRODUCT_BUNDLE_IDENTIFIER = com.jolingenfelter.SuperDiary;
				PRODUCT_NAME = "$(TARGET_NAME)";
				SWIFT_VERSION = 3.0;
			};
			name = Debug;
		};
		9E80E98C1E63898E006E36BF /* Release */ = {
			isa = XCBuildConfiguration;
			buildSettings = {
				ASSETCATALOG_COMPILER_APPICON_NAME = AppIcon;
				DEVELOPMENT_TEAM = 2K6RX929EU;
				INFOPLIST_FILE = SuperDiary/Info.plist;
				LD_RUNPATH_SEARCH_PATHS = "$(inherited) @executable_path/Frameworks";
				PRODUCT_BUNDLE_IDENTIFIER = com.jolingenfelter.SuperDiary;
				PRODUCT_NAME = "$(TARGET_NAME)";
				SWIFT_VERSION = 3.0;
			};
			name = Release;
		};
/* End XCBuildConfiguration section */

/* Begin XCConfigurationList section */
		9E80E9701E63898E006E36BF /* Build configuration list for PBXProject "SuperDiary" */ = {
			isa = XCConfigurationList;
			buildConfigurations = (
				9E80E9881E63898E006E36BF /* Debug */,
				9E80E9891E63898E006E36BF /* Release */,
			);
			defaultConfigurationIsVisible = 0;
			defaultConfigurationName = Release;
		};
		9E80E98A1E63898E006E36BF /* Build configuration list for PBXNativeTarget "SuperDiary" */ = {
			isa = XCConfigurationList;
			buildConfigurations = (
				9E80E98B1E63898E006E36BF /* Debug */,
				9E80E98C1E63898E006E36BF /* Release */,
			);
			defaultConfigurationIsVisible = 0;
			defaultConfigurationName = Release;
		};
/* End XCConfigurationList section */

/* Begin XCVersionGroup section */
		9E80E97F1E63898E006E36BF /* SuperDiary.xcdatamodeld */ = {
			isa = XCVersionGroup;
			children = (
				9E80E9801E63898E006E36BF /* SuperDiary.xcdatamodel */,
			);
			currentVersion = 9E80E9801E63898E006E36BF /* SuperDiary.xcdatamodel */;
			path = SuperDiary.xcdatamodeld;
			sourceTree = "<group>";
			versionGroupType = wrapper.xcdatamodel;
		};
/* End XCVersionGroup section */
	};
	rootObject = 9E80E96D1E63898E006E36BF /* Project object */;
}
